{
  "name": "layzee",
  "version": "1.0.0",
  "lockfileVersion": 1,
  "requires": true,
  "dependencies": {
    "@types/events": {
      "version": "1.2.0",
      "resolved": "https://registry.npmjs.org/@types/events/-/events-1.2.0.tgz",
      "integrity": "sha512-KEIlhXnIutzKwRbQkGWb/I4HFqBuUykAdHgDED6xqwXJfONCjF5VoE0cXEiurh3XauygxzeDzgtXUqvLkxFzzA==",
      "dev": true
    },
    "@types/node": {
      "version": "10.3.1",
      "resolved": "https://registry.npmjs.org/@types/node/-/node-10.3.1.tgz",
      "integrity": "sha512-IsX9aDHDzJohkm3VCDB8tkzl5RQ34E/PFA29TQk6uDGb7Oc869ZBtmdKVDBzY3+h9GnXB8ssrRXEPVZrlIOPOw==",
      "dev": true
    },
    "@types/node-notifier": {
      "version": "0.0.28",
      "resolved": "https://registry.npmjs.org/@types/node-notifier/-/node-notifier-0.0.28.tgz",
      "integrity": "sha1-hro9OqjZGDUswxkdiN4yiyDck8E=",
      "dev": true,
      "requires": {
        "@types/node": "10.3.1"
      }
    },
    "@types/nodemailer": {
      "version": "4.6.0",
      "resolved": "https://registry.npmjs.org/@types/nodemailer/-/nodemailer-4.6.0.tgz",
      "integrity": "sha512-DWG172izmWXfShUm2Lm6nVght5TxDI1cx2cKiGPeu2f66yTnn0QY7WhC9OSybdPoxGu7UbRXNuIkIzB+NE648A==",
      "dev": true,
      "requires": {
        "@types/events": "1.2.0",
        "@types/node": "10.3.1"
      }
    },
    "growly": {
      "version": "1.3.0",
      "resolved": "https://registry.npmjs.org/growly/-/growly-1.3.0.tgz",
      "integrity": "sha1-8QdIy+dq+WS3yWyTxrzCivEgwIE="
    },
    "isexe": {
      "version": "2.0.0",
      "resolved": "https://registry.npmjs.org/isexe/-/isexe-2.0.0.tgz",
      "integrity": "sha1-6PvzdNxVb/iUehDcsFctYz8s+hA="
    },
    "node-notifier": {
      "version": "5.2.1",
      "resolved": "https://registry.npmjs.org/node-notifier/-/node-notifier-5.2.1.tgz",
      "integrity": "sha512-MIBs+AAd6dJ2SklbbE8RUDRlIVhU8MaNLh1A9SUZDUHPiZkWLFde6UNwG41yQHZEToHgJMXqyVZ9UcS/ReOVTg==",
      "requires": {
        "growly": "1.3.0",
        "semver": "5.5.0",
        "shellwords": "0.1.1",
        "which": "1.3.1"
      }
    },
    "nodemailer": {
      "version": "4.6.7",
      "resolved": "https://registry.npmjs.org/nodemailer/-/nodemailer-4.6.7.tgz",
      "integrity": "sha512-GIAAYvs9XIP1fBa8wR89ukUh3yjL44pom5LKY5nTZcL+Zp9sRkqL8wgskyBQECQg9CPsDX/fjTZx8MNz20t0jA=="
    },
    "semver": {
      "version": "5.5.0",
      "resolved": "https://registry.npmjs.org/semver/-/semver-5.5.0.tgz",
      "integrity": "sha512-4SJ3dm0WAwWy/NVeioZh5AntkdJoWKxHxcmyP622fOkgHa4z3R0TdBJICINyaSDE6uNwVc8gZr+ZinwZAH4xIA=="
    },
    "shellwords": {
      "version": "0.1.1",
      "resolved": "https://registry.npmjs.org/shellwords/-/shellwords-0.1.1.tgz",
      "integrity": "sha512-vFwSUfQvqybiICwZY5+DAWIPLKsWO31Q91JSKl3UYv+K5c2QRPzn0qzec6QPu1Qc9eHYItiP3NdJqNVqetYAww=="
    },
    "which": {
      "version": "1.3.1",
      "resolved": "https://registry.npmjs.org/which/-/which-1.3.1.tgz",
      "integrity": "sha512-HxJdYWq1MTIQbJ3nw0cqssHoTNU267KlrDuGZ1WYlxDStUtKUhOaJmh112/TZmHxxUfuJqPXSOm7tDyas0OSIQ==",
      "requires": {
        "isexe": "2.0.0"
      }
    }
  }
}
